
Microsoft Visual Studio Solution File, Format Version 11.00
# Visual Studio 2010
Project("{FAE04EC0-301F-11D3-BF4B-00C04F79EFBC}") = "HvZ", "Assembly-CSharp.csproj", "{D498396E-D726-9CBB-CE18-B1DE819182AF}"
EndProject
Global
	GlobalSection(SolutionConfigurationPlatforms) = preSolution
		Debug|Any CPU = Debug|Any CPU
		Release|Any CPU = Release|Any CPU
	EndGlobalSection
	GlobalSection(ProjectConfigurationPlatforms) = postSolution
		{D498396E-D726-9CBB-CE18-B1DE819182AF}.Debug|Any CPU.ActiveCfg = Debug|Any CPU
		{D498396E-D726-9CBB-CE18-B1DE819182AF}.Debug|Any CPU.Build.0 = Debug|Any CPU
		{D498396E-D726-9CBB-CE18-B1DE819182AF}.Release|Any CPU.ActiveCfg = Release|Any CPU
		{D498396E-D726-9CBB-CE18-B1DE819182AF}.Release|Any CPU.Build.0 = Release|Any CPU
	EndGlobalSection
	GlobalSection(SolutionProperties) = preSolution
		HideSolutionNode = FALSE
	EndGlobalSection
	GlobalSection(MonoDevelopProperties) = preSolution
		StartupItem = Assembly-CSharp.csproj
	EndGlobalSection
EndGlobal
